// !$*UTF8*$!
{
	archiveVersion = 1;
	classes = {
	};
	objectVersion = 46;
	objects = {

/* Begin PBXBuildFile section */
		2FCFDC541909ACA000CEF661 /* Foundation.framework in Frameworks */ = {isa = PBXBuildFile; fileRef = 2FCFDC531909ACA000CEF661 /* Foundation.framework */; };
		2FCFDC561909ACA000CEF661 /* CoreGraphics.framework in Frameworks */ = {isa = PBXBuildFile; fileRef = 2FCFDC551909ACA000CEF661 /* CoreGraphics.framework */; };
		2FCFDC581909ACA000CEF661 /* UIKit.framework in Frameworks */ = {isa = PBXBuildFile; fileRef = 2FCFDC571909ACA000CEF661 /* UIKit.framework */; };
		2FCFDC5E1909ACA000CEF661 /* InfoPlist.strings in Resources */ = {isa = PBXBuildFile; fileRef = 2FCFDC5C1909ACA000CEF661 /* InfoPlist.strings */; };
		2FCFDC601909ACA000CEF661 /* main.m in Sources */ = {isa = PBXBuildFile; fileRef = 2FCFDC5F1909ACA000CEF661 /* main.m */; };
		2FCFDC641909ACA000CEF661 /* AppDelegate.m in Sources */ = {isa = PBXBuildFile; fileRef = 2FCFDC631909ACA000CEF661 /* AppDelegate.m */; };
		2FCFDC671909ACA000CEF661 /* Main.storyboard in Resources */ = {isa = PBXBuildFile; fileRef = 2FCFDC651909ACA000CEF661 /* Main.storyboard */; };
		2FCFDC6A1909ACA000CEF661 /* FirstViewController.m in Sources */ = {isa = PBXBuildFile; fileRef = 2FCFDC691909ACA000CEF661 /* FirstViewController.m */; };
		2FCFDC6D1909ACA000CEF661 /* SecondViewController.m in Sources */ = {isa = PBXBuildFile; fileRef = 2FCFDC6C1909ACA000CEF661 /* SecondViewController.m */; };
		2FCFDC6F1909ACA000CEF661 /* Images.xcassets in Resources */ = {isa = PBXBuildFile; fileRef = 2FCFDC6E1909ACA000CEF661 /* Images.xcassets */; };
		2FCFDC761909ACA000CEF661 /* XCTest.framework in Frameworks */ = {isa = PBXBuildFile; fileRef = 2FCFDC751909ACA000CEF661 /* XCTest.framework */; };
		2FCFDC771909ACA000CEF661 /* Foundation.framework in Frameworks */ = {isa = PBXBuildFile; fileRef = 2FCFDC531909ACA000CEF661 /* Foundation.framework */; };
		2FCFDC781909ACA000CEF661 /* UIKit.framework in Frameworks */ = {isa = PBXBuildFile; fileRef = 2FCFDC571909ACA000CEF661 /* UIKit.framework */; };
		2FCFDC801909ACA000CEF661 /* InfoPlist.strings in Resources */ = {isa = PBXBuildFile; fileRef = 2FCFDC7E1909ACA000CEF661 /* InfoPlist.strings */; };
		2FCFDC821909ACA000CEF661 /* DistributedD_BizTests.m in Sources */ = {isa = PBXBuildFile; fileRef = 2FCFDC811909ACA000CEF661 /* DistributedD_BizTests.m */; };
		2FCFDC8F1909ADA900CEF661 /* LogIn.m in Sources */ = {isa = PBXBuildFile; fileRef = 2FCFDC8C1909ADA900CEF661 /* LogIn.m */; };
		2FCFDC901909ADA900CEF661 /* SignUpViewController.m in Sources */ = {isa = PBXBuildFile; fileRef = 2FCFDC8E1909ADA900CEF661 /* SignUpViewController.m */; };
		47D99D56190DE66D006845A2 /* AsyncSocket.m in Sources */ = {isa = PBXBuildFile; fileRef = 47D99D55190DE66D006845A2 /* AsyncSocket.m */; };
/* End PBXBuildFile section */

/* Begin PBXContainerItemProxy section */
		2FCFDC791909ACA000CEF661 /* PBXContainerItemProxy */ = {
			isa = PBXContainerItemProxy;
			containerPortal = 2FCFDC481909ACA000CEF661 /* Project object */;
			proxyType = 1;
			remoteGlobalIDString = 2FCFDC4F1909ACA000CEF661;
			remoteInfo = DistributedD_Biz;
		};
/* End PBXContainerItemProxy section */

/* Begin PBXFileReference section */
		2FCFDC501909ACA000CEF661 /* DistributedD_Biz.app */ = {isa = PBXFileReference; explicitFileType = wrapper.application; includeInIndex = 0; path = DistributedD_Biz.app; sourceTree = BUILT_PRODUCTS_DIR; };
		2FCFDC531909ACA000CEF661 /* Foundation.framework */ = {isa = PBXFileReference; lastKnownFileType = wrapper.framework; name = Foundation.framework; path = System/Library/Frameworks/Foundation.framework; sourceTree = SDKROOT; };
		2FCFDC551909ACA000CEF661 /* CoreGraphics.framework */ = {isa = PBXFileReference; lastKnownFileType = wrapper.framework; name = CoreGraphics.framework; path = System/Library/Frameworks/CoreGraphics.framework; sourceTree = SDKROOT; };
		2FCFDC571909ACA000CEF661 /* UIKit.framework */ = {isa = PBXFileReference; lastKnownFileType = wrapper.framework; name = UIKit.framework; path = System/Library/Frameworks/UIKit.framework; sourceTree = SDKROOT; };
		2FCFDC5B1909ACA000CEF661 /* DistributedD_Biz-Info.plist */ = {isa = PBXFileReference; lastKnownFileType = text.plist.xml; path = "DistributedD_Biz-Info.plist"; sourceTree = "<group>"; };
		2FCFDC5D1909ACA000CEF661 /* en */ = {isa = PBXFileReference; lastKnownFileType = text.plist.strings; name = en; path = en.lproj/InfoPlist.strings; sourceTree = "<group>"; };
		2FCFDC5F1909ACA000CEF661 /* main.m */ = {isa = PBXFileReference; lastKnownFileType = sourcecode.c.objc; path = main.m; sourceTree = "<group>"; };
		2FCFDC611909ACA000CEF661 /* DistributedD_Biz-Prefix.pch */ = {isa = PBXFileReference; lastKnownFileType = sourcecode.c.h; path = "DistributedD_Biz-Prefix.pch"; sourceTree = "<group>"; };
		2FCFDC621909ACA000CEF661 /* AppDelegate.h */ = {isa = PBXFileReference; lastKnownFileType = sourcecode.c.h; path = AppDelegate.h; sourceTree = "<group>"; };
		2FCFDC631909ACA000CEF661 /* AppDelegate.m */ = {isa = PBXFileReference; lastKnownFileType = sourcecode.c.objc; path = AppDelegate.m; sourceTree = "<group>"; };
		2FCFDC661909ACA000CEF661 /* Base */ = {isa = PBXFileReference; lastKnownFileType = file.storyboard; name = Base; path = Base.lproj/Main.storyboard; sourceTree = "<group>"; };
		2FCFDC681909ACA000CEF661 /* FirstViewController.h */ = {isa = PBXFileReference; lastKnownFileType = sourcecode.c.h; path = FirstViewController.h; sourceTree = "<group>"; };
		2FCFDC691909ACA000CEF661 /* FirstViewController.m */ = {isa = PBXFileReference; lastKnownFileType = sourcecode.c.objc; path = FirstViewController.m; sourceTree = "<group>"; };
		2FCFDC6B1909ACA000CEF661 /* SecondViewController.h */ = {isa = PBXFileReference; lastKnownFileType = sourcecode.c.h; path = SecondViewController.h; sourceTree = "<group>"; };
		2FCFDC6C1909ACA000CEF661 /* SecondViewController.m */ = {isa = PBXFileReference; lastKnownFileType = sourcecode.c.objc; path = SecondViewController.m; sourceTree = "<group>"; };
		2FCFDC6E1909ACA000CEF661 /* Images.xcassets */ = {isa = PBXFileReference; lastKnownFileType = folder.assetcatalog; path = Images.xcassets; sourceTree = "<group>"; };
		2FCFDC741909ACA000CEF661 /* DistributedD_BizTests.xctest */ = {isa = PBXFileReference; explicitFileType = wrapper.cfbundle; includeInIndex = 0; path = DistributedD_BizTests.xctest; sourceTree = BUILT_PRODUCTS_DIR; };
		2FCFDC751909ACA000CEF661 /* XCTest.framework */ = {isa = PBXFileReference; lastKnownFileType = wrapper.framework; name = XCTest.framework; path = Library/Frameworks/XCTest.framework; sourceTree = DEVELOPER_DIR; };
		2FCFDC7D1909ACA000CEF661 /* DistributedD_BizTests-Info.plist */ = {isa = PBXFileReference; lastKnownFileType = text.plist.xml; path = "DistributedD_BizTests-Info.plist"; sourceTree = "<group>"; };
		2FCFDC7F1909ACA000CEF661 /* en */ = {isa = PBXFileReference; lastKnownFileType = text.plist.strings; name = en; path = en.lproj/InfoPlist.strings; sourceTree = "<group>"; };
		2FCFDC811909ACA000CEF661 /* DistributedD_BizTests.m */ = {isa = PBXFileReference; lastKnownFileType = sourcecode.c.objc; path = DistributedD_BizTests.m; sourceTree = "<group>"; };
		2FCFDC8B1909ADA900CEF661 /* LogIn.h */ = {isa = PBXFileReference; fileEncoding = 4; lastKnownFileType = sourcecode.c.h; path = LogIn.h; sourceTree = "<group>"; };
		2FCFDC8C1909ADA900CEF661 /* LogIn.m */ = {isa = PBXFileReference; fileEncoding = 4; lastKnownFileType = sourcecode.c.objc; path = LogIn.m; sourceTree = "<group>"; };
		2FCFDC8D1909ADA900CEF661 /* SignUpViewController.h */ = {isa = PBXFileReference; fileEncoding = 4; lastKnownFileType = sourcecode.c.h; path = SignUpViewController.h; sourceTree = "<group>"; };
		2FCFDC8E1909ADA900CEF661 /* SignUpViewController.m */ = {isa = PBXFileReference; fileEncoding = 4; lastKnownFileType = sourcecode.c.objc; path = SignUpViewController.m; sourceTree = "<group>"; };
		47D99D54190DE66D006845A2 /* AsyncSocket.h */ = {isa = PBXFileReference; fileEncoding = 4; lastKnownFileType = sourcecode.c.h; path = AsyncSocket.h; sourceTree = "<group>"; };
		47D99D55190DE66D006845A2 /* AsyncSocket.m */ = {isa = PBXFileReference; fileEncoding = 4; lastKnownFileType = sourcecode.c.objc; path = AsyncSocket.m; sourceTree = "<group>"; };
/* End PBXFileReference section */

/* Begin PBXFrameworksBuildPhase section */
		2FCFDC4D1909ACA000CEF661 /* Frameworks */ = {
			isa = PBXFrameworksBuildPhase;
			buildActionMask = 2147483647;
			files = (
				2FCFDC561909ACA000CEF661 /* CoreGraphics.framework in Frameworks */,
				2FCFDC581909ACA000CEF661 /* UIKit.framework in Frameworks */,
				2FCFDC541909ACA000CEF661 /* Foundation.framework in Frameworks */,
			);
			runOnlyForDeploymentPostprocessing = 0;
		};
		2FCFDC711909ACA000CEF661 /* Frameworks */ = {
			isa = PBXFrameworksBuildPhase;
			buildActionMask = 2147483647;
			files = (
				2FCFDC761909ACA000CEF661 /* XCTest.framework in Frameworks */,
				2FCFDC781909ACA000CEF661 /* UIKit.framework in Frameworks */,
				2FCFDC771909ACA000CEF661 /* Foundation.framework in Frameworks */,
			);
			runOnlyForDeploymentPostprocessing = 0;
		};
/* End PBXFrameworksBuildPhase section */

/* Begin PBXGroup section */
		2FCFDC471909ACA000CEF661 = {
			isa = PBXGroup;
			children = (
				47D99D53190DE47D006845A2 /* SocketComm */,
				2FCFDC591909ACA000CEF661 /* DistributedD_Biz */,
				2FCFDC7B1909ACA000CEF661 /* DistributedD_BizTests */,
				2FCFDC521909ACA000CEF661 /* Frameworks */,
				2FCFDC511909ACA000CEF661 /* Products */,
			);
			sourceTree = "<group>";
		};
		2FCFDC511909ACA000CEF661 /* Products */ = {
			isa = PBXGroup;
			children = (
				2FCFDC501909ACA000CEF661 /* DistributedD_Biz.app */,
				2FCFDC741909ACA000CEF661 /* DistributedD_BizTests.xctest */,
			);
			name = Products;
			sourceTree = "<group>";
		};
		2FCFDC521909ACA000CEF661 /* Frameworks */ = {
			isa = PBXGroup;
			children = (
				2FCFDC531909ACA000CEF661 /* Foundation.framework */,
				2FCFDC551909ACA000CEF661 /* CoreGraphics.framework */,
				2FCFDC571909ACA000CEF661 /* UIKit.framework */,
				2FCFDC751909ACA000CEF661 /* XCTest.framework */,
			);
			name = Frameworks;
			sourceTree = "<group>";
		};
		2FCFDC591909ACA000CEF661 /* DistributedD_Biz */ = {
			isa = PBXGroup;
			children = (
				2FCFDC8B1909ADA900CEF661 /* LogIn.h */,
				2FCFDC8C1909ADA900CEF661 /* LogIn.m */,
				2FCFDC8D1909ADA900CEF661 /* SignUpViewController.h */,
				2FCFDC8E1909ADA900CEF661 /* SignUpViewController.m */,
				2FCFDC621909ACA000CEF661 /* AppDelegate.h */,
				2FCFDC631909ACA000CEF661 /* AppDelegate.m */,
				2FCFDC651909ACA000CEF661 /* Main.storyboard */,
				2FCFDC681909ACA000CEF661 /* FirstViewController.h */,
				2FCFDC691909ACA000CEF661 /* FirstViewController.m */,
				2FCFDC6B1909ACA000CEF661 /* SecondViewController.h */,
				2FCFDC6C1909ACA000CEF661 /* SecondViewController.m */,
				2FCFDC6E1909ACA000CEF661 /* Images.xcassets */,
				2FCFDC5A1909ACA000CEF661 /* Supporting Files */,
			);
			path = DistributedD_Biz;
			sourceTree = "<group>";
		};
		2FCFDC5A1909ACA000CEF661 /* Supporting Files */ = {
			isa = PBXGroup;
			children = (
				2FCFDC5B1909ACA000CEF661 /* DistributedD_Biz-Info.plist */,
				2FCFDC5C1909ACA000CEF661 /* InfoPlist.strings */,
				2FCFDC5F1909ACA000CEF661 /* main.m */,
				2FCFDC611909ACA000CEF661 /* DistributedD_Biz-Prefix.pch */,
			);
			name = "Supporting Files";
			sourceTree = "<group>";
		};
		2FCFDC7B1909ACA000CEF661 /* DistributedD_BizTests */ = {
			isa = PBXGroup;
			children = (
				2FCFDC811909ACA000CEF661 /* DistributedD_BizTests.m */,
				2FCFDC7C1909ACA000CEF661 /* Supporting Files */,
			);
			path = DistributedD_BizTests;
			sourceTree = "<group>";
		};
		2FCFDC7C1909ACA000CEF661 /* Supporting Files */ = {
			isa = PBXGroup;
			children = (
				2FCFDC7D1909ACA000CEF661 /* DistributedD_BizTests-Info.plist */,
				2FCFDC7E1909ACA000CEF661 /* InfoPlist.strings */,
			);
			name = "Supporting Files";
			sourceTree = "<group>";
		};
		47D99D53190DE47D006845A2 /* SocketComm */ = {
			isa = PBXGroup;
			children = (
				47D99D54190DE66D006845A2 /* AsyncSocket.h */,
				47D99D55190DE66D006845A2 /* AsyncSocket.m */,
			);
			name = SocketComm;
			path = DistributedD_Biz;
			sourceTree = "<group>";
		};
/* End PBXGroup section */

/* Begin PBXNativeTarget section */
		2FCFDC4F1909ACA000CEF661 /* DistributedD_Biz */ = {
			isa = PBXNativeTarget;
			buildConfigurationList = 2FCFDC851909ACA000CEF661 /* Build configuration list for PBXNativeTarget "DistributedD_Biz" */;
			buildPhases = (
				2FCFDC4C1909ACA000CEF661 /* Sources */,
				2FCFDC4D1909ACA000CEF661 /* Frameworks */,
				2FCFDC4E1909ACA000CEF661 /* Resources */,
			);
			buildRules = (
			);
			dependencies = (
			);
			name = DistributedD_Biz;
			productName = DistributedD_Biz;
			productReference = 2FCFDC501909ACA000CEF661 /* DistributedD_Biz.app */;
			productType = "com.apple.product-type.application";
		};
		2FCFDC731909ACA000CEF661 /* DistributedD_BizTests */ = {
			isa = PBXNativeTarget;
			buildConfigurationList = 2FCFDC881909ACA000CEF661 /* Build configuration list for PBXNativeTarget "DistributedD_BizTests" */;
			buildPhases = (
				2FCFDC701909ACA000CEF661 /* Sources */,
				2FCFDC711909ACA000CEF661 /* Frameworks */,
				2FCFDC721909ACA000CEF661 /* Resources */,
			);
			buildRules = (
			);
			dependencies = (
				2FCFDC7A1909ACA000CEF661 /* PBXTargetDependency */,
			);
			name = DistributedD_BizTests;
			productName = DistributedD_BizTests;
			productReference = 2FCFDC741909ACA000CEF661 /* DistributedD_BizTests.xctest */;
			productType = "com.apple.product-type.bundle.unit-test";
		};
/* End PBXNativeTarget section */

/* Begin PBXProject section */
		2FCFDC481909ACA000CEF661 /* Project object */ = {
			isa = PBXProject;
			attributes = {
				LastUpgradeCheck = 0510;
				ORGANIZATIONNAME = XZhai;
				TargetAttributes = {
					2FCFDC731909ACA000CEF661 = {
						TestTargetID = 2FCFDC4F1909ACA000CEF661;
					};
				};
			};
			buildConfigurationList = 2FCFDC4B1909ACA000CEF661 /* Build configuration list for PBXProject "DistributedD_Biz" */;
			compatibilityVersion = "Xcode 3.2";
			developmentRegion = English;
			hasScannedForEncodings = 0;
			knownRegions = (
				en,
				Base,
			);
			mainGroup = 2FCFDC471909ACA000CEF661;
			productRefGroup = 2FCFDC511909ACA000CEF661 /* Products */;
			projectDirPath = "";
			projectRoot = "";
			targets = (
				2FCFDC4F1909ACA000CEF661 /* DistributedD_Biz */,
				2FCFDC731909ACA000CEF661 /* DistributedD_BizTests */,
			);
		};
/* End PBXProject section */

/* Begin PBXResourcesBuildPhase section */
		2FCFDC4E1909ACA000CEF661 /* Resources */ = {
			isa = PBXResourcesBuildPhase;
			buildActionMask = 2147483647;
			files = (
				2FCFDC6F1909ACA000CEF661 /* Images.xcassets in Resources */,
				2FCFDC5E1909ACA000CEF661 /* InfoPlist.strings in Resources */,
				2FCFDC671909ACA000CEF661 /* Main.storyboard in Resources */,
			);
			runOnlyForDeploymentPostprocessing = 0;
		};
		2FCFDC721909ACA000CEF661 /* Resources */ = {
			isa = PBXResourcesBuildPhase;
			buildActionMask = 2147483647;
			files = (
				2FCFDC801909ACA000CEF661 /* InfoPlist.strings in Resources */,
			);
			runOnlyForDeploymentPostprocessing = 0;
		};
/* End PBXResourcesBuildPhase section */

/* Begin PBXSourcesBuildPhase section */
		2FCFDC4C1909ACA000CEF661 /* Sources */ = {
			isa = PBXSourcesBuildPhase;
			buildActionMask = 2147483647;
			files = (
				2FCFDC6D1909ACA000CEF661 /* SecondViewController.m in Sources */,
				2FCFDC8F1909ADA900CEF661 /* LogIn.m in Sources */,
				2FCFDC901909ADA900CEF661 /* SignUpViewController.m in Sources */,
				2FCFDC641909ACA000CEF661 /* AppDelegate.m in Sources */,
				2FCFDC6A1909ACA000CEF661 /* FirstViewController.m in Sources */,
				2FCFDC601909ACA000CEF661 /* main.m in Sources */,
				47D99D56190DE66D006845A2 /* AsyncSocket.m in Sources */,
			);
			runOnlyForDeploymentPostprocessing = 0;
		};
		2FCFDC701909ACA000CEF661 /* Sources */ = {
			isa = PBXSourcesBuildPhase;
			buildActionMask = 2147483647;
			files = (
				2FCFDC821909ACA000CEF661 /* DistributedD_BizTests.m in Sources */,
			);
			runOnlyForDeploymentPostprocessing = 0;
		};
/* End PBXSourcesBuildPhase section */

/* Begin PBXTargetDependency section */
		2FCFDC7A1909ACA000CEF661 /* PBXTargetDependency */ = {
			isa = PBXTargetDependency;
			target = 2FCFDC4F1909ACA000CEF661 /* DistributedD_Biz */;
			targetProxy = 2FCFDC791909ACA000CEF661 /* PBXContainerItemProxy */;
		};
/* End PBXTargetDependency section */

/* Begin PBXVariantGroup section */
		2FCFDC5C1909ACA000CEF661 /* InfoPlist.strings */ = {
			isa = PBXVariantGroup;
			children = (
				2FCFDC5D1909ACA000CEF661 /* en */,
			);
			name = InfoPlist.strings;
			sourceTree = "<group>";
		};
		2FCFDC651909ACA000CEF661 /* Main.storyboard */ = {
			isa = PBXVariantGroup;
			children = (
				2FCFDC661909ACA000CEF661 /* Base */,
			);
			name = Main.storyboard;
			sourceTree = "<group>";
		};
		2FCFDC7E1909ACA000CEF661 /* InfoPlist.strings */ = {
			isa = PBXVariantGroup;
			children = (
				2FCFDC7F1909ACA000CEF661 /* en */,
			);
			name = InfoPlist.strings;
			sourceTree = "<group>";
		};
/* End PBXVariantGroup section */

/* Begin XCBuildConfiguration section */
		2FCFDC831909ACA000CEF661 /* Debug */ = {
			isa = XCBuildConfiguration;
			buildSettings = {
				ALWAYS_SEARCH_USER_PATHS = NO;
				CLANG_CXX_LANGUAGE_STANDARD = "gnu++0x";
				CLANG_CXX_LIBRARY = "libc++";
				CLANG_ENABLE_MODULES = YES;
				CLANG_ENABLE_OBJC_ARC = YES;
				CLANG_WARN_BOOL_CONVERSION = YES;
				CLANG_WARN_CONSTANT_CONVERSION = YES;
				CLANG_WARN_DIRECT_OBJC_ISA_USAGE = YES_ERROR;
				CLANG_WARN_EMPTY_BODY = YES;
				CLANG_WARN_ENUM_CONVERSION = YES;
				CLANG_WARN_INT_CONVERSION = YES;
				CLANG_WARN_OBJC_ROOT_CLASS = YES_ERROR;
				CLANG_WARN__DUPLICATE_METHOD_MATCH = YES;
				"CODE_SIGN_IDENTITY[sdk=iphoneos*]" = "iPhone Developer";
				COPY_PHASE_STRIP = NO;
				GCC_C_LANGUAGE_STANDARD = gnu99;
				GCC_DYNAMIC_NO_PIC = NO;
				GCC_OPTIMIZATION_LEVEL = 0;
				GCC_PREPROCESSOR_DEFINITIONS = (
					"DEBUG=1",
					"$(inherited)",
				);
				GCC_SYMBOLS_PRIVATE_EXTERN = NO;
				GCC_WARN_64_TO_32_BIT_CONVERSION = YES;
				GCC_WARN_ABOUT_RETURN_TYPE = YES_ERROR;
				GCC_WARN_UNDECLARED_SELECTOR = YES;
				GCC_WARN_UNINITIALIZED_AUTOS = YES_AGGRESSIVE;
				GCC_WARN_UNUSED_FUNCTION = YES;
				GCC_WARN_UNUSED_VARIABLE = YES;
				IPHONEOS_DEPLOYMENT_TARGET = 7.1;
				ONLY_ACTIVE_ARCH = YES;
				SDKROOT = iphoneos;
			};
			name = Debug;
		};
		2FCFDC841909ACA000CEF661 /* Release */ = {
			isa = XCBuildConfiguration;
			buildSettings = {
				ALWAYS_SEARCH_USER_PATHS = NO;
				CLANG_CXX_LANGUAGE_STANDARD = "gnu++0x";
				CLANG_CXX_LIBRARY = "libc++";
				CLANG_ENABLE_MODULES = YES;
				CLANG_ENABLE_OBJC_ARC = YES;
				CLANG_WARN_BOOL_CONVERSION = YES;
				CLANG_WARN_CONSTANT_CONVERSION = YES;
				CLANG_WARN_DIRECT_OBJC_ISA_USAGE = YES_ERROR;
				CLANG_WARN_EMPTY_BODY = YES;
				CLANG_WARN_ENUM_CONVERSION = YES;
				CLANG_WARN_INT_CONVERSION = YES;
				CLANG_WARN_OBJC_ROOT_CLASS = YES_ERROR;
				CLANG_WARN__DUPLICATE_METHOD_MATCH = YES;
				"CODE_SIGN_IDENTITY[sdk=iphoneos*]" = "iPhone Developer";
				COPY_PHASE_STRIP = YES;
				ENABLE_NS_ASSERTIONS = NO;
				GCC_C_LANGUAGE_STANDARD = gnu99;
				GCC_WARN_64_TO_32_BIT_CONVERSION = YES;
				GCC_WARN_ABOUT_RETURN_TYPE = YES_ERROR;
				GCC_WARN_UNDECLARED_SELECTOR = YES;
				GCC_WARN_UNINITIALIZED_AUTOS = YES_AGGRESSIVE;
				GCC_WARN_UNUSED_FUNCTION = YES;
				GCC_WARN_UNUSED_VARIABLE = YES;
				IPHONEOS_DEPLOYMENT_TARGET = 7.1;
				SDKROOT = iphoneos;
				VALIDATE_PRODUCT = YES;
			};
			name = Release;
		};
		2FCFDC861909ACA000CEF661 /* Debug */ = {
			isa = XCBuildConfiguration;
			buildSettings = {
				ASSETCATALOG_COMPILER_APPICON_NAME = AppIcon;
				ASSETCATALOG_COMPILER_LAUNCHIMAGE_NAME = LaunchImage;
				GCC_PRECOMPILE_PREFIX_HEADER = YES;
				GCC_PREFIX_HEADER = "DistributedD_Biz/DistributedD_Biz-Prefix.pch";
				INFOPLIST_FILE = "DistributedD_Biz/DistributedD_Biz-Info.plist";
				IPHONEOS_DEPLOYMENT_TARGET = 7.0;
				PRODUCT_NAME = "$(TARGET_NAME)";
				WRAPPER_EXTENSION = app;
			};
			name = Debug;
		};
		2FCFDC871909ACA000CEF661 /* Release */ = {
			isa = XCBuildConfiguration;
			buildSettings = {
				ASSETCATALOG_COMPILER_APPICON_NAME = AppIcon;
				ASSETCATALOG_COMPILER_LAUNCHIMAGE_NAME = LaunchImage;
				GCC_PRECOMPILE_PREFIX_HEADER = YES;
				GCC_PREFIX_HEADER = "DistributedD_Biz/DistributedD_Biz-Prefix.pch";
				INFOPLIST_FILE = "DistributedD_Biz/DistributedD_Biz-Info.plist";
				IPHONEOS_DEPLOYMENT_TARGET = 7.0;
				PRODUCT_NAME = "$(TARGET_NAME)";
				WRAPPER_EXTENSION = app;
			};
			name = Release;
		};
		2FCFDC891909ACA000CEF661 /* Debug */ = {
			isa = XCBuildConfiguration;
			buildSettings = {
				BUNDLE_LOADER = "$(BUILT_PRODUCTS_DIR)/DistributedD_Biz.app/DistributedD_Biz";
				FRAMEWORK_SEARCH_PATHS = (
					"$(SDKROOT)/Developer/Library/Frameworks",
					"$(inherited)",
					"$(DEVELOPER_FRAMEWORKS_DIR)",
				);
				GCC_PRECOMPILE_PREFIX_HEADER = YES;
				GCC_PREFIX_HEADER = "DistributedD_Biz/DistributedD_Biz-Prefix.pch";
				GCC_PREPROCESSOR_DEFINITIONS = (
					"DEBUG=1",
					"$(inherited)",
				);
				INFOPLIST_FILE = "DistributedD_BizTests/DistributedD_BizTests-Info.plist";
				PRODUCT_NAME = "$(TARGET_NAME)";
				TEST_HOST = "$(BUNDLE_LOADER)";
				WRAPPER_EXTENSION = xctest;
			};
			name = Debug;
		};
		2FCFDC8A1909ACA000CEF661 /* Release */ = {
			isa = XCBuildConfiguration;
			buildSettings = {
				BUNDLE_LOADER = "$(BUILT_PRODUCTS_DIR)/DistributedD_Biz.app/DistributedD_Biz";
				FRAMEWORK_SEARCH_PATHS = (
					"$(SDKROOT)/Developer/Library/Frameworks",
					"$(inherited)",
					"$(DEVELOPER_FRAMEWORKS_DIR)",
				);
				GCC_PRECOMPILE_PREFIX_HEADER = YES;
				GCC_PREFIX_HEADER = "DistributedD_Biz/DistributedD_Biz-Prefix.pch";
				INFOPLIST_FILE = "DistributedD_BizTests/DistributedD_BizTests-Info.plist";
				PRODUCT_NAME = "$(TARGET_NAME)";
				TEST_HOST = "$(BUNDLE_LOADER)";
				WRAPPER_EXTENSION = xctest;
			};
			name = Release;
		};
/* End XCBuildConfiguration section */

/* Begin XCConfigurationList section */
		2FCFDC4B1909ACA000CEF661 /* Build configuration list for PBXProject "DistributedD_Biz" */ = {
			isa = XCConfigurationList;
			buildConfigurations = (
				2FCFDC831909ACA000CEF661 /* Debug */,
				2FCFDC841909ACA000CEF661 /* Release */,
			);
			defaultConfigurationIsVisible = 0;
			defaultConfigurationName = Release;
		};
		2FCFDC851909ACA000CEF661 /* Build configuration list for PBXNativeTarget "DistributedD_Biz" */ = {
			isa = XCConfigurationList;
			buildConfigurations = (
				2FCFDC861909ACA000CEF661 /* Debug */,
				2FCFDC871909ACA000CEF661 /* Release */,
			);
			defaultConfigurationIsVisible = 0;
			defaultConfigurationName = Release;
		};
		2FCFDC881909ACA000CEF661 /* Build configuration list for PBXNativeTarget "DistributedD_BizTests" */ = {
			isa = XCConfigurationList;
			buildConfigurations = (
				2FCFDC891909ACA000CEF661 /* Debug */,
				2FCFDC8A1909ACA000CEF661 /* Release */,
			);
			defaultConfigurationIsVisible = 0;
			defaultConfigurationName = Release;
		};
/* End XCConfigurationList section */
	};
	rootObject = 2FCFDC481909ACA000CEF661 /* Project object */;
}
